
Microsoft Visual Studio Solution File, Format Version 12.00
# Visual Studio Version 16
VisualStudioVersion = 16.0.29613.14
MinimumVisualStudioVersion = 10.0.40219.1
Project("{8BC9CEB8-8B4A-11D0-8D11-00A0C91BC942}") = "UDPserver", "UDPserver\UDPserver.vcxproj", "{A358D959-1423-49A7-9320-30B52A5D6E16}"
EndProject
Project("{FAE04EC0-301F-11D3-BF4B-00C04F79EFBC}") = "UDPclient", "UDPclient\UDPclient.csproj", "{FA504FB1-8A57-44AD-B957-D1DB6A5940F5}"
EndProject
Global
	GlobalSection(SolutionConfigurationPlatforms) = preSolution
		Debug|Any CPU = Debug|Any CPU
		Debug|x64 = Debug|x64
		Debug|x86 = Debug|x86
		Release|Any CPU = Release|Any CPU
		Release|x64 = Release|x64
		Release|x86 = Release|x86
	EndGlobalSection
	GlobalSection(ProjectConfigurationPlatforms) = postSolution
		{A358D959-1423-49A7-9320-30B52A5D6E16}.Debug|Any CPU.ActiveCfg = Debug|Win32
		{A358D959-1423-49A7-9320-30B52A5D6E16}.Debug|x64.ActiveCfg = Debug|x64
		{A358D959-1423-49A7-9320-30B52A5D6E16}.Debug|x64.Build.0 = Debug|x64
		{A358D959-1423-49A7-9320-30B52A5D6E16}.Debug|x86.ActiveCfg = Debug|Win32
		{A358D959-1423-49A7-9320-30B52A5D6E16}.Debug|x86.Build.0 = Debug|Win32
		{A358D959-1423-49A7-9320-30B52A5D6E16}.Release|Any CPU.ActiveCfg = Release|Win32
		{A358D959-1423-49A7-9320-30B52A5D6E16}.Release|x64.ActiveCfg = Release|x64
		{A358D959-1423-49A7-9320-30B52A5D6E16}.Release|x64.Build.0 = Release|x64
		{A358D959-1423-49A7-9320-30B52A5D6E16}.Release|x86.ActiveCfg = Release|Win32
		{A358D959-1423-49A7-9320-30B52A5D6E16}.Release|x86.Build.0 = Release|Win32
		{FA504FB1-8A57-44AD-B957-D1DB6A5940F5}.Debug|Any CPU.ActiveCfg = Debug|Any CPU
		{FA504FB1-8A57-44AD-B957-D1DB6A5940F5}.Debug|Any CPU.Build.0 = Debug|Any CPU
		{FA504FB1-8A57-44AD-B957-D1DB6A5940F5}.Debug|x64.ActiveCfg = Debug|Any CPU
		{FA504FB1-8A57-44AD-B957-D1DB6A5940F5}.Debug|x64.Build.0 = Debug|Any CPU
		{FA504FB1-8A57-44AD-B957-D1DB6A5940F5}.Debug|x86.ActiveCfg = Debug|Any CPU
		{FA504FB1-8A57-44AD-B957-D1DB6A5940F5}.Debug|x86.Build.0 = Debug|Any CPU
		{FA504FB1-8A57-44AD-B957-D1DB6A5940F5}.Release|Any CPU.ActiveCfg = Release|Any CPU
		{FA504FB1-8A57-44AD-B957-D1DB6A5940F5}.Release|Any CPU.Build.0 = Release|Any CPU
		{FA504FB1-8A57-44AD-B957-D1DB6A5940F5}.Release|x64.ActiveCfg = Release|Any CPU
		{FA504FB1-8A57-44AD-B957-D1DB6A5940F5}.Release|x64.Build.0 = Release|Any CPU
		{FA504FB1-8A57-44AD-B957-D1DB6A5940F5}.Release|x86.ActiveCfg = Release|Any CPU
		{FA504FB1-8A57-44AD-B957-D1DB6A5940F5}.Release|x86.Build.0 = Release|Any CPU
	EndGlobalSection
	GlobalSection(SolutionProperties) = preSolution
		HideSolutionNode = FALSE
	EndGlobalSection
	GlobalSection(ExtensibilityGlobals) = postSolution
		SolutionGuid = {8BDAC50A-3EF5-43F3-9BB8-9282D1888271}
	EndGlobalSection
EndGlobal
